{
  "version": "4",
  "specifiers": {
    "jsr:@std/assert@^1.0.10": "1.0.11",
    "jsr:@std/assert@^1.0.11": "1.0.11",
    "jsr:@std/assert@~0.220.1": "0.220.1",
    "jsr:@std/cli@~0.220.1": "0.220.1",
    "jsr:@std/data-structures@^1.0.6": "1.0.6",
    "jsr:@std/expect@^1.0.13": "1.0.13",
    "jsr:@std/fmt@~0.220.1": "0.220.1",
    "jsr:@std/fs@0.220.1": "0.220.1",
    "jsr:@std/fs@^1.0.9": "1.0.13",
    "jsr:@std/internal@^1.0.5": "1.0.5",
    "jsr:@std/path@0.220.1": "0.220.1",
    "jsr:@std/path@^1.0.8": "1.0.8",
    "jsr:@std/path@~0.220.1": "0.220.1",
    "jsr:@std/testing@^1.0.9": "1.0.9",
    "npm:unzipit@1.4": "1.4.3",
    "npm:zod@3.9": "3.9.8"
  },
  "jsr": {
    "@std/assert@0.220.1": {
      "integrity": "88710d54f3afdd7a5761e7805abba1f56cd14e4b212feffeb3e73a9f77482425",
      "dependencies": [
        "jsr:@std/fmt"
      ]
    },
    "@std/assert@1.0.11": {
      "integrity": "2461ef3c368fe88bc60e186e7744a93112f16fd110022e113a0849e94d1c83c1",
      "dependencies": [
        "jsr:@std/internal"
      ]
    },
    "@std/cli@0.220.1": {
      "integrity": "6c38388efc899c9d98811d38a46effe01e0d91138068483f1e6ae834caad5e82",
      "dependencies": [
        "jsr:@std/assert@~0.220.1"
      ]
    },
    "@std/data-structures@1.0.6": {
      "integrity": "76a7fd8080c66604c0496220a791860492ab21a04a63a969c0b9a0609bbbb760"
    },
    "@std/expect@1.0.13": {
      "integrity": "d8e236c7089cd9fcf5e6032f27dadc3db6349d0aee48c15bc71d717bca5baa42",
      "dependencies": [
        "jsr:@std/assert@^1.0.11",
        "jsr:@std/internal"
      ]
    },
    "@std/fmt@0.220.1": {
      "integrity": "3b1a698477a26b1dacbbee26db1a65030a005c6d71db3b3a0e59f8a638f04d7a"
    },
    "@std/fs@0.220.1": {
      "integrity": "7fe79c08e9e2ea6818b05f271ddba07eaed7e6dac7ce7cfb35e3f8521aa18fc1",
      "dependencies": [
        "jsr:@std/assert@~0.220.1",
        "jsr:@std/path@~0.220.1"
      ]
    },
    "@std/fs@1.0.13": {
      "integrity": "756d3ff0ade91c9e72b228e8012b6ff00c3d4a4ac9c642c4dac083536bf6c605",
      "dependencies": [
        "jsr:@std/path@^1.0.8"
      ]
    },
    "@std/internal@1.0.5": {
      "integrity": "54a546004f769c1ac9e025abd15a76b6671ddc9687e2313b67376125650dc7ba"
    },
    "@std/path@0.220.1": {
      "integrity": "cc63c1b5e5192e2f718dc2f365a3514fffb26cc0380959bab0f8fb5988a52f0c",
      "dependencies": [
        "jsr:@std/assert@~0.220.1"
      ]
    },
    "@std/path@1.0.8": {
      "integrity": "548fa456bb6a04d3c1a1e7477986b6cffbce95102d0bb447c67c4ee70e0364be"
    },
    "@std/testing@1.0.9": {
      "integrity": "9bdd4ac07cb13e7594ac30e90f6ceef7254ac83a9aeaa089be0008f33aab5cd4",
      "dependencies": [
        "jsr:@std/assert@^1.0.10",
        "jsr:@std/data-structures",
        "jsr:@std/fs@^1.0.9",
        "jsr:@std/internal",
        "jsr:@std/path@^1.0.8"
      ]
    }
  },
  "npm": {
    "unzipit@1.4.3": {
      "integrity": "sha512-gsq2PdJIWWGhx5kcdWStvNWit9FVdTewm4SEG7gFskWs+XCVaULt9+BwuoBtJiRE8eo3L1IPAOrbByNLtLtIlg==",
      "dependencies": [
        "uzip-module"
      ]
    },
    "uzip-module@1.0.3": {
      "integrity": "sha512-AMqwWZaknLM77G+VPYNZLEruMGWGzyigPK3/Whg99B3S6vGHuqsyl5ZrOv1UUF3paGK1U6PM0cnayioaryg/fA=="
    },
    "zod@3.9.8": {
      "integrity": "sha512-pTNhdJd45PPOBpdxO8x00Tv+HhknYGx3WdgFQndazp+G1Gd2Cxf81L5yMfCIIcd/SA3VqrcTv/G4bFcr+DsZhA=="
    }
  },
  "workspace": {
    "dependencies": [
      "jsr:@std/cli@~0.220.1",
      "jsr:@std/expect@^1.0.13",
      "jsr:@std/fs@0.220.1",
      "jsr:@std/path@0.220.1",
      "jsr:@std/testing@^1.0.9",
      "npm:unzipit@1.4",
      "npm:zod@3.9"
    ]
  }
}
